// !$*UTF8*$!
{
	archiveVersion = 1;
	classes = {
	};
	objectVersion = 50;
	objects = {

/* Begin PBXBuildFile section */
		2476CE7B226120980081543C /* HealthVC.swift in Sources */ = {isa = PBXBuildFile; fileRef = 2476CE7A226120980081543C /* HealthVC.swift */; };
		2476CE7D226120C20081543C /* CalendarVC.swift in Sources */ = {isa = PBXBuildFile; fileRef = 2476CE7C226120C20081543C /* CalendarVC.swift */; };
		248F768F2268DB2E000503BD /* HKDataManager.swift in Sources */ = {isa = PBXBuildFile; fileRef = 248F768E2268DB2E000503BD /* HKDataManager.swift */; };
		24D774CD226638CE0083CD29 /* HealthKit.framework in Frameworks */ = {isa = PBXBuildFile; fileRef = 24D774CC226638CE0083CD29 /* HealthKit.framework */; };
		24D774D122663A800083CD29 /* HealthKitSetupManager.swift in Sources */ = {isa = PBXBuildFile; fileRef = 24D774D022663A800083CD29 /* HealthKitSetupManager.swift */; };
		24F0785622695AB800F55D69 /* HealthProfileVC.swift in Sources */ = {isa = PBXBuildFile; fileRef = 24F0785522695AB800F55D69 /* HealthProfileVC.swift */; };
		5C5528DCE155517C06FEAB26 /* Pods_Tracker.framework in Frameworks */ = {isa = PBXBuildFile; fileRef = CE044EFD178F32B57AEF50C6 /* Pods_Tracker.framework */; };
		6254A8F522813C0A00B31AA9 /* HWEntry+CoreDataClass.swift in Sources */ = {isa = PBXBuildFile; fileRef = 6254A8EB22813C0900B31AA9 /* HWEntry+CoreDataClass.swift */; };
		6254A8F622813C0A00B31AA9 /* HWController.swift in Sources */ = {isa = PBXBuildFile; fileRef = 6254A8EC22813C0900B31AA9 /* HWController.swift */; };
		6254A8F722813C0A00B31AA9 /* HWData.swift in Sources */ = {isa = PBXBuildFile; fileRef = 6254A8ED22813C0900B31AA9 /* HWData.swift */; };
		6254A8F822813C0A00B31AA9 /* HWEntry+CoreDataProperties.swift in Sources */ = {isa = PBXBuildFile; fileRef = 6254A8EE22813C0900B31AA9 /* HWEntry+CoreDataProperties.swift */; };
		6254A8F922813C0A00B31AA9 /* customTableViewCell.swift in Sources */ = {isa = PBXBuildFile; fileRef = 6254A8EF22813C0900B31AA9 /* customTableViewCell.swift */; };
		6254A8FA22813C0A00B31AA9 /* Tracker.xcdatamodeld in Sources */ = {isa = PBXBuildFile; fileRef = 6254A8F022813C0900B31AA9 /* Tracker.xcdatamodeld */; };
		6254A8FB22813C0A00B31AA9 /* HWTask.swift in Sources */ = {isa = PBXBuildFile; fileRef = 6254A8F222813C0900B31AA9 /* HWTask.swift */; };
		6254A8FC22813C0A00B31AA9 /* PersistenceService.swift in Sources */ = {isa = PBXBuildFile; fileRef = 6254A8F322813C0900B31AA9 /* PersistenceService.swift */; };
		6254A8FD22813C0A00B31AA9 /* addHomeworkViewController.swift in Sources */ = {isa = PBXBuildFile; fileRef = 6254A8F422813C0A00B31AA9 /* addHomeworkViewController.swift */; };
		6254A903228219EC00B31AA9 /* notifcationPublisher.swift in Sources */ = {isa = PBXBuildFile; fileRef = 6254A902228219EC00B31AA9 /* notifcationPublisher.swift */; };
		628E547022611E5600AD4704 /* AppDelegate.swift in Sources */ = {isa = PBXBuildFile; fileRef = 628E546F22611E5600AD4704 /* AppDelegate.swift */; };
		628E547222611E5600AD4704 /* ViewController.swift in Sources */ = {isa = PBXBuildFile; fileRef = 628E547122611E5600AD4704 /* ViewController.swift */; };
		628E547522611E5600AD4704 /* Main.storyboard in Resources */ = {isa = PBXBuildFile; fileRef = 628E547322611E5600AD4704 /* Main.storyboard */; };
		628E547722611E5700AD4704 /* Assets.xcassets in Resources */ = {isa = PBXBuildFile; fileRef = 628E547622611E5700AD4704 /* Assets.xcassets */; };
		628E547A22611E5700AD4704 /* LaunchScreen.storyboard in Resources */ = {isa = PBXBuildFile; fileRef = 628E547822611E5700AD4704 /* LaunchScreen.storyboard */; };
		628E548522611E5700AD4704 /* TrackerTests.swift in Sources */ = {isa = PBXBuildFile; fileRef = 628E548422611E5700AD4704 /* TrackerTests.swift */; };
		628E549022611E5700AD4704 /* TrackerUITests.swift in Sources */ = {isa = PBXBuildFile; fileRef = 628E548F22611E5700AD4704 /* TrackerUITests.swift */; };
		882CA0EA02D0282853D66E98 /* Pods_TrackerUITests.framework in Frameworks */ = {isa = PBXBuildFile; fileRef = E24DE88BFB99EB1B4D71591C /* Pods_TrackerUITests.framework */; };
		C02B7FBF226E13A300D63D9A /* Constant.swift in Sources */ = {isa = PBXBuildFile; fileRef = C02B7FBE226E13A200D63D9A /* Constant.swift */; };
		C02B7FC3226E14D400D63D9A /* Event_Cell.swift in Sources */ = {isa = PBXBuildFile; fileRef = C02B7FC0226E14D300D63D9A /* Event_Cell.swift */; };
		C02B7FC4226E14D400D63D9A /* Add_Event.swift in Sources */ = {isa = PBXBuildFile; fileRef = C02B7FC1226E14D300D63D9A /* Add_Event.swift */; };
		C02B7FC5226E14D400D63D9A /* Event_Cell.xib in Resources */ = {isa = PBXBuildFile; fileRef = C02B7FC2226E14D400D63D9A /* Event_Cell.xib */; };
		EEE440C0053BB313044477DF /* Pods_TrackerTests.framework in Frameworks */ = {isa = PBXBuildFile; fileRef = A2FB4041B7C88C1450EB4F43 /* Pods_TrackerTests.framework */; };
/* End PBXBuildFile section */

/* Begin PBXContainerItemProxy section */
		628E548122611E5700AD4704 /* PBXContainerItemProxy */ = {
			isa = PBXContainerItemProxy;
			containerPortal = 628E546422611E5500AD4704 /* Project object */;
			proxyType = 1;
			remoteGlobalIDString = 628E546B22611E5600AD4704;
			remoteInfo = Tracker;
		};
		628E548C22611E5700AD4704 /* PBXContainerItemProxy */ = {
			isa = PBXContainerItemProxy;
			containerPortal = 628E546422611E5500AD4704 /* Project object */;
			proxyType = 1;
			remoteGlobalIDString = 628E546B22611E5600AD4704;
			remoteInfo = Tracker;
		};
/* End PBXContainerItemProxy section */

/* Begin PBXFileReference section */
		2476CE7A226120980081543C /* HealthVC.swift */ = {isa = PBXFileReference; lastKnownFileType = sourcecode.swift; path = HealthVC.swift; sourceTree = "<group>"; };
		2476CE7C226120C20081543C /* CalendarVC.swift */ = {isa = PBXFileReference; lastKnownFileType = sourcecode.swift; path = CalendarVC.swift; sourceTree = "<group>"; };
		248F768E2268DB2E000503BD /* HKDataManager.swift */ = {isa = PBXFileReference; lastKnownFileType = sourcecode.swift; path = HKDataManager.swift; sourceTree = "<group>"; };
		24D774CC226638CE0083CD29 /* HealthKit.framework */ = {isa = PBXFileReference; lastKnownFileType = wrapper.framework; name = HealthKit.framework; path = System/Library/Frameworks/HealthKit.framework; sourceTree = SDKROOT; };
		24D774CE226638CE0083CD29 /* Tracker.entitlements */ = {isa = PBXFileReference; lastKnownFileType = text.plist.entitlements; path = Tracker.entitlements; sourceTree = "<group>"; };
		24D774D022663A800083CD29 /* HealthKitSetupManager.swift */ = {isa = PBXFileReference; lastKnownFileType = sourcecode.swift; path = HealthKitSetupManager.swift; sourceTree = "<group>"; };
		24F0785522695AB800F55D69 /* HealthProfileVC.swift */ = {isa = PBXFileReference; lastKnownFileType = sourcecode.swift; path = HealthProfileVC.swift; sourceTree = "<group>"; };
		463A6E1B53FEB58E4C367B66 /* Pods-TrackerTests.release.xcconfig */ = {isa = PBXFileReference; includeInIndex = 1; lastKnownFileType = text.xcconfig; name = "Pods-TrackerTests.release.xcconfig"; path = "Pods/Target Support Files/Pods-TrackerTests/Pods-TrackerTests.release.xcconfig"; sourceTree = "<group>"; };
		6254A8EB22813C0900B31AA9 /* HWEntry+CoreDataClass.swift */ = {isa = PBXFileReference; fileEncoding = 4; lastKnownFileType = sourcecode.swift; path = "HWEntry+CoreDataClass.swift"; sourceTree = "<group>"; };
		6254A8EC22813C0900B31AA9 /* HWController.swift */ = {isa = PBXFileReference; fileEncoding = 4; lastKnownFileType = sourcecode.swift; path = HWController.swift; sourceTree = "<group>"; };
		6254A8ED22813C0900B31AA9 /* HWData.swift */ = {isa = PBXFileReference; fileEncoding = 4; lastKnownFileType = sourcecode.swift; path = HWData.swift; sourceTree = "<group>"; };
		6254A8EE22813C0900B31AA9 /* HWEntry+CoreDataProperties.swift */ = {isa = PBXFileReference; fileEncoding = 4; lastKnownFileType = sourcecode.swift; path = "HWEntry+CoreDataProperties.swift"; sourceTree = "<group>"; };
		6254A8EF22813C0900B31AA9 /* customTableViewCell.swift */ = {isa = PBXFileReference; fileEncoding = 4; lastKnownFileType = sourcecode.swift; path = customTableViewCell.swift; sourceTree = "<group>"; };
		6254A8F122813C0900B31AA9 /* Tracker.xcdatamodel */ = {isa = PBXFileReference; lastKnownFileType = wrapper.xcdatamodel; path = Tracker.xcdatamodel; sourceTree = "<group>"; };
		6254A8F222813C0900B31AA9 /* HWTask.swift */ = {isa = PBXFileReference; fileEncoding = 4; lastKnownFileType = sourcecode.swift; path = HWTask.swift; sourceTree = "<group>"; };
		6254A8F322813C0900B31AA9 /* PersistenceService.swift */ = {isa = PBXFileReference; fileEncoding = 4; lastKnownFileType = sourcecode.swift; path = PersistenceService.swift; sourceTree = "<group>"; };
		6254A8F422813C0A00B31AA9 /* addHomeworkViewController.swift */ = {isa = PBXFileReference; fileEncoding = 4; lastKnownFileType = sourcecode.swift; path = addHomeworkViewController.swift; sourceTree = "<group>"; };
		6254A902228219EC00B31AA9 /* notifcationPublisher.swift */ = {isa = PBXFileReference; lastKnownFileType = sourcecode.swift; path = notifcationPublisher.swift; sourceTree = "<group>"; };
		628E546C22611E5600AD4704 /* Tracker.app */ = {isa = PBXFileReference; explicitFileType = wrapper.application; includeInIndex = 0; path = Tracker.app; sourceTree = BUILT_PRODUCTS_DIR; };
		628E546F22611E5600AD4704 /* AppDelegate.swift */ = {isa = PBXFileReference; lastKnownFileType = sourcecode.swift; path = AppDelegate.swift; sourceTree = "<group>"; };
		628E547122611E5600AD4704 /* ViewController.swift */ = {isa = PBXFileReference; lastKnownFileType = sourcecode.swift; path = ViewController.swift; sourceTree = "<group>"; };
		628E547422611E5600AD4704 /* Base */ = {isa = PBXFileReference; lastKnownFileType = file.storyboard; name = Base; path = Base.lproj/Main.storyboard; sourceTree = "<group>"; };
		628E547622611E5700AD4704 /* Assets.xcassets */ = {isa = PBXFileReference; lastKnownFileType = folder.assetcatalog; path = Assets.xcassets; sourceTree = "<group>"; };
		628E547922611E5700AD4704 /* Base */ = {isa = PBXFileReference; lastKnownFileType = file.storyboard; name = Base; path = Base.lproj/LaunchScreen.storyboard; sourceTree = "<group>"; };
		628E547B22611E5700AD4704 /* Info.plist */ = {isa = PBXFileReference; lastKnownFileType = text.plist.xml; path = Info.plist; sourceTree = "<group>"; };
		628E548022611E5700AD4704 /* TrackerTests.xctest */ = {isa = PBXFileReference; explicitFileType = wrapper.cfbundle; includeInIndex = 0; path = TrackerTests.xctest; sourceTree = BUILT_PRODUCTS_DIR; };
		628E548422611E5700AD4704 /* TrackerTests.swift */ = {isa = PBXFileReference; lastKnownFileType = sourcecode.swift; path = TrackerTests.swift; sourceTree = "<group>"; };
		628E548622611E5700AD4704 /* Info.plist */ = {isa = PBXFileReference; lastKnownFileType = text.plist.xml; path = Info.plist; sourceTree = "<group>"; };
		628E548B22611E5700AD4704 /* TrackerUITests.xctest */ = {isa = PBXFileReference; explicitFileType = wrapper.cfbundle; includeInIndex = 0; path = TrackerUITests.xctest; sourceTree = BUILT_PRODUCTS_DIR; };
		628E548F22611E5700AD4704 /* TrackerUITests.swift */ = {isa = PBXFileReference; lastKnownFileType = sourcecode.swift; path = TrackerUITests.swift; sourceTree = "<group>"; };
		628E549122611E5700AD4704 /* Info.plist */ = {isa = PBXFileReference; lastKnownFileType = text.plist.xml; path = Info.plist; sourceTree = "<group>"; };
		9B9CD92DF37849F4DD45A116 /* Pods-TrackerUITests.debug.xcconfig */ = {isa = PBXFileReference; includeInIndex = 1; lastKnownFileType = text.xcconfig; name = "Pods-TrackerUITests.debug.xcconfig"; path = "Pods/Target Support Files/Pods-TrackerUITests/Pods-TrackerUITests.debug.xcconfig"; sourceTree = "<group>"; };
		A07616F3EEC37599F72AB5CD /* Pods-TrackerUITests.release.xcconfig */ = {isa = PBXFileReference; includeInIndex = 1; lastKnownFileType = text.xcconfig; name = "Pods-TrackerUITests.release.xcconfig"; path = "Pods/Target Support Files/Pods-TrackerUITests/Pods-TrackerUITests.release.xcconfig"; sourceTree = "<group>"; };
		A2FB4041B7C88C1450EB4F43 /* Pods_TrackerTests.framework */ = {isa = PBXFileReference; explicitFileType = wrapper.framework; includeInIndex = 0; path = Pods_TrackerTests.framework; sourceTree = BUILT_PRODUCTS_DIR; };
		BEAD15B6B92ADC12216433DA /* Pods-TrackerTests.debug.xcconfig */ = {isa = PBXFileReference; includeInIndex = 1; lastKnownFileType = text.xcconfig; name = "Pods-TrackerTests.debug.xcconfig"; path = "Pods/Target Support Files/Pods-TrackerTests/Pods-TrackerTests.debug.xcconfig"; sourceTree = "<group>"; };
		C02B7FBB226E135A00D63D9A /* Tracker-Bridging-Header.h */ = {isa = PBXFileReference; lastKnownFileType = sourcecode.c.h; path = "Tracker-Bridging-Header.h"; sourceTree = "<group>"; };
		C02B7FBE226E13A200D63D9A /* Constant.swift */ = {isa = PBXFileReference; lastKnownFileType = sourcecode.swift; path = Constant.swift; sourceTree = "<group>"; };
		C02B7FC0226E14D300D63D9A /* Event_Cell.swift */ = {isa = PBXFileReference; fileEncoding = 4; lastKnownFileType = sourcecode.swift; path = Event_Cell.swift; sourceTree = "<group>"; };
		C02B7FC1226E14D300D63D9A /* Add_Event.swift */ = {isa = PBXFileReference; fileEncoding = 4; lastKnownFileType = sourcecode.swift; path = Add_Event.swift; sourceTree = "<group>"; };
		C02B7FC2226E14D400D63D9A /* Event_Cell.xib */ = {isa = PBXFileReference; fileEncoding = 4; lastKnownFileType = file.xib; path = Event_Cell.xib; sourceTree = "<group>"; };
		C6277C3CC32822D38D87FFE9 /* Pods-Tracker.debug.xcconfig */ = {isa = PBXFileReference; includeInIndex = 1; lastKnownFileType = text.xcconfig; name = "Pods-Tracker.debug.xcconfig"; path = "Pods/Target Support Files/Pods-Tracker/Pods-Tracker.debug.xcconfig"; sourceTree = "<group>"; };
		CE044EFD178F32B57AEF50C6 /* Pods_Tracker.framework */ = {isa = PBXFileReference; explicitFileType = wrapper.framework; includeInIndex = 0; path = Pods_Tracker.framework; sourceTree = BUILT_PRODUCTS_DIR; };
		E24DE88BFB99EB1B4D71591C /* Pods_TrackerUITests.framework */ = {isa = PBXFileReference; explicitFileType = wrapper.framework; includeInIndex = 0; path = Pods_TrackerUITests.framework; sourceTree = BUILT_PRODUCTS_DIR; };
		EF40401AFE049748376F79F1 /* Pods-Tracker.release.xcconfig */ = {isa = PBXFileReference; includeInIndex = 1; lastKnownFileType = text.xcconfig; name = "Pods-Tracker.release.xcconfig"; path = "Pods/Target Support Files/Pods-Tracker/Pods-Tracker.release.xcconfig"; sourceTree = "<group>"; };
/* End PBXFileReference section */

/* Begin PBXFrameworksBuildPhase section */
		628E546922611E5600AD4704 /* Frameworks */ = {
			isa = PBXFrameworksBuildPhase;
			buildActionMask = 2147483647;
			files = (
				24D774CD226638CE0083CD29 /* HealthKit.framework in Frameworks */,
				5C5528DCE155517C06FEAB26 /* Pods_Tracker.framework in Frameworks */,
			);
			runOnlyForDeploymentPostprocessing = 0;
		};
		628E547D22611E5700AD4704 /* Frameworks */ = {
			isa = PBXFrameworksBuildPhase;
			buildActionMask = 2147483647;
			files = (
				EEE440C0053BB313044477DF /* Pods_TrackerTests.framework in Frameworks */,
			);
			runOnlyForDeploymentPostprocessing = 0;
		};
		628E548822611E5700AD4704 /* Frameworks */ = {
			isa = PBXFrameworksBuildPhase;
			buildActionMask = 2147483647;
			files = (
				882CA0EA02D0282853D66E98 /* Pods_TrackerUITests.framework in Frameworks */,
			);
			runOnlyForDeploymentPostprocessing = 0;
		};
/* End PBXFrameworksBuildPhase section */

/* Begin PBXGroup section */
		24D774CB226638CE0083CD29 /* Frameworks */ = {
			isa = PBXGroup;
			children = (
				24D774CC226638CE0083CD29 /* HealthKit.framework */,
				CE044EFD178F32B57AEF50C6 /* Pods_Tracker.framework */,
				A2FB4041B7C88C1450EB4F43 /* Pods_TrackerTests.framework */,
				E24DE88BFB99EB1B4D71591C /* Pods_TrackerUITests.framework */,
			);
			name = Frameworks;
			sourceTree = "<group>";
		};
		24D774CF22663A260083CD29 /* Health */ = {
			isa = PBXGroup;
			children = (
				2476CE7A226120980081543C /* HealthVC.swift */,
				24F0785522695AB800F55D69 /* HealthProfileVC.swift */,
				24D774D022663A800083CD29 /* HealthKitSetupManager.swift */,
				248F768E2268DB2E000503BD /* HKDataManager.swift */,
			);
			path = Health;
			sourceTree = "<group>";
		};
		6254A8EA22813B6400B31AA9 /* HW */ = {
			isa = PBXGroup;
			children = (
				6254A8F422813C0A00B31AA9 /* addHomeworkViewController.swift */,
				6254A8EF22813C0900B31AA9 /* customTableViewCell.swift */,
				6254A8EC22813C0900B31AA9 /* HWController.swift */,
				6254A8ED22813C0900B31AA9 /* HWData.swift */,
				6254A8EB22813C0900B31AA9 /* HWEntry+CoreDataClass.swift */,
				6254A8EE22813C0900B31AA9 /* HWEntry+CoreDataProperties.swift */,
				6254A8F222813C0900B31AA9 /* HWTask.swift */,
				6254A8F322813C0900B31AA9 /* PersistenceService.swift */,
				6254A8F022813C0900B31AA9 /* Tracker.xcdatamodeld */,
			);
			path = HW;
			sourceTree = "<group>";
		};
		628E546322611E5500AD4704 = {
			isa = PBXGroup;
			children = (
				628E546E22611E5600AD4704 /* Tracker */,
				628E548322611E5700AD4704 /* TrackerTests */,
				628E548E22611E5700AD4704 /* TrackerUITests */,
				628E546D22611E5600AD4704 /* Products */,
				24D774CB226638CE0083CD29 /* Frameworks */,
				8D973ED5600B1BF8F6C41DDE /* Pods */,
			);
			sourceTree = "<group>";
		};
		628E546D22611E5600AD4704 /* Products */ = {
			isa = PBXGroup;
			children = (
				628E546C22611E5600AD4704 /* Tracker.app */,
				628E548022611E5700AD4704 /* TrackerTests.xctest */,
				628E548B22611E5700AD4704 /* TrackerUITests.xctest */,
			);
			name = Products;
			sourceTree = "<group>";
		};
		628E546E22611E5600AD4704 /* Tracker */ = {
			isa = PBXGroup;
			children = (
				6254A8EA22813B6400B31AA9 /* HW */,
				24D774CF22663A260083CD29 /* Health */,
				24D774CE226638CE0083CD29 /* Tracker.entitlements */,
				628E546F22611E5600AD4704 /* AppDelegate.swift */,
				628E547122611E5600AD4704 /* ViewController.swift */,
				6254A902228219EC00B31AA9 /* notifcationPublisher.swift */,
				628E547322611E5600AD4704 /* Main.storyboard */,
				2476CE7C226120C20081543C /* CalendarVC.swift */,
				C02B7FC1226E14D300D63D9A /* Add_Event.swift */,
				C02B7FC0226E14D300D63D9A /* Event_Cell.swift */,
				C02B7FC2226E14D400D63D9A /* Event_Cell.xib */,
				C02B7FBE226E13A200D63D9A /* Constant.swift */,
				628E547622611E5700AD4704 /* Assets.xcassets */,
				628E547822611E5700AD4704 /* LaunchScreen.storyboard */,
				628E547B22611E5700AD4704 /* Info.plist */,
				C02B7FBB226E135A00D63D9A /* Tracker-Bridging-Header.h */,
			);
			path = Tracker;
			sourceTree = "<group>";
		};
		628E548322611E5700AD4704 /* TrackerTests */ = {
			isa = PBXGroup;
			children = (
				628E548422611E5700AD4704 /* TrackerTests.swift */,
				628E548622611E5700AD4704 /* Info.plist */,
			);
			path = TrackerTests;
			sourceTree = "<group>";
		};
		628E548E22611E5700AD4704 /* TrackerUITests */ = {
			isa = PBXGroup;
			children = (
				628E548F22611E5700AD4704 /* TrackerUITests.swift */,
				628E549122611E5700AD4704 /* Info.plist */,
			);
			path = TrackerUITests;
			sourceTree = "<group>";
		};
		8D973ED5600B1BF8F6C41DDE /* Pods */ = {
			isa = PBXGroup;
			children = (
				C6277C3CC32822D38D87FFE9 /* Pods-Tracker.debug.xcconfig */,
				EF40401AFE049748376F79F1 /* Pods-Tracker.release.xcconfig */,
				BEAD15B6B92ADC12216433DA /* Pods-TrackerTests.debug.xcconfig */,
				463A6E1B53FEB58E4C367B66 /* Pods-TrackerTests.release.xcconfig */,
				9B9CD92DF37849F4DD45A116 /* Pods-TrackerUITests.debug.xcconfig */,
				A07616F3EEC37599F72AB5CD /* Pods-TrackerUITests.release.xcconfig */,
			);
			name = Pods;
			sourceTree = "<group>";
		};
/* End PBXGroup section */

/* Begin PBXNativeTarget section */
		628E546B22611E5600AD4704 /* Tracker */ = {
			isa = PBXNativeTarget;
			buildConfigurationList = 628E549422611E5700AD4704 /* Build configuration list for PBXNativeTarget "Tracker" */;
			buildPhases = (
				EE72788BD3F9481F1465DE95 /* [CP] Check Pods Manifest.lock */,
				628E546822611E5600AD4704 /* Sources */,
				628E546922611E5600AD4704 /* Frameworks */,
				628E546A22611E5600AD4704 /* Resources */,
				D957874FB0EAED0DC28C9EA6 /* [CP] Embed Pods Frameworks */,
			);
			buildRules = (
			);
			dependencies = (
			);
			name = Tracker;
			productName = Tracker;
			productReference = 628E546C22611E5600AD4704 /* Tracker.app */;
			productType = "com.apple.product-type.application";
		};
		628E547F22611E5700AD4704 /* TrackerTests */ = {
			isa = PBXNativeTarget;
			buildConfigurationList = 628E549722611E5700AD4704 /* Build configuration list for PBXNativeTarget "TrackerTests" */;
			buildPhases = (
				A170CED7F8B9CFD0D55103FF /* [CP] Check Pods Manifest.lock */,
				628E547C22611E5700AD4704 /* Sources */,
				628E547D22611E5700AD4704 /* Frameworks */,
				628E547E22611E5700AD4704 /* Resources */,
			);
			buildRules = (
			);
			dependencies = (
				628E548222611E5700AD4704 /* PBXTargetDependency */,
			);
			name = TrackerTests;
			productName = TrackerTests;
			productReference = 628E548022611E5700AD4704 /* TrackerTests.xctest */;
			productType = "com.apple.product-type.bundle.unit-test";
		};
		628E548A22611E5700AD4704 /* TrackerUITests */ = {
			isa = PBXNativeTarget;
			buildConfigurationList = 628E549A22611E5700AD4704 /* Build configuration list for PBXNativeTarget "TrackerUITests" */;
			buildPhases = (
				9BB633856375DDD64E189D85 /* [CP] Check Pods Manifest.lock */,
				628E548722611E5700AD4704 /* Sources */,
				628E548822611E5700AD4704 /* Frameworks */,
				628E548922611E5700AD4704 /* Resources */,
			);
			buildRules = (
			);
			dependencies = (
				628E548D22611E5700AD4704 /* PBXTargetDependency */,
			);
			name = TrackerUITests;
			productName = TrackerUITests;
			productReference = 628E548B22611E5700AD4704 /* TrackerUITests.xctest */;
			productType = "com.apple.product-type.bundle.ui-testing";
		};
/* End PBXNativeTarget section */

/* Begin PBXProject section */
		628E546422611E5500AD4704 /* Project object */ = {
			isa = PBXProject;
			attributes = {
				LastSwiftUpdateCheck = 1010;
				LastUpgradeCheck = 1010;
				ORGANIZATIONNAME = "Harshil Patel";
				TargetAttributes = {
					628E546B22611E5600AD4704 = {
						CreatedOnToolsVersion = 10.1;
						LastSwiftMigration = 1020;
						SystemCapabilities = {
							com.apple.HealthKit = {
								enabled = 1;
							};
						};
					};
					628E547F22611E5700AD4704 = {
						CreatedOnToolsVersion = 10.1;
						LastSwiftMigration = 1020;
						TestTargetID = 628E546B22611E5600AD4704;
					};
					628E548A22611E5700AD4704 = {
						CreatedOnToolsVersion = 10.1;
						LastSwiftMigration = 1020;
						TestTargetID = 628E546B22611E5600AD4704;
					};
				};
			};
			buildConfigurationList = 628E546722611E5500AD4704 /* Build configuration list for PBXProject "Tracker" */;
			compatibilityVersion = "Xcode 9.3";
			developmentRegion = en;
			hasScannedForEncodings = 0;
			knownRegions = (
				en,
				Base,
			);
			mainGroup = 628E546322611E5500AD4704;
			productRefGroup = 628E546D22611E5600AD4704 /* Products */;
			projectDirPath = "";
			projectRoot = "";
			targets = (
				628E546B22611E5600AD4704 /* Tracker */,
				628E547F22611E5700AD4704 /* TrackerTests */,
				628E548A22611E5700AD4704 /* TrackerUITests */,
			);
		};
/* End PBXProject section */

/* Begin PBXResourcesBuildPhase section */
		628E546A22611E5600AD4704 /* Resources */ = {
			isa = PBXResourcesBuildPhase;
			buildActionMask = 2147483647;
			files = (
				C02B7FC5226E14D400D63D9A /* Event_Cell.xib in Resources */,
				628E547A22611E5700AD4704 /* LaunchScreen.storyboard in Resources */,
				628E547722611E5700AD4704 /* Assets.xcassets in Resources */,
				628E547522611E5600AD4704 /* Main.storyboard in Resources */,
			);
			runOnlyForDeploymentPostprocessing = 0;
		};
		628E547E22611E5700AD4704 /* Resources */ = {
			isa = PBXResourcesBuildPhase;
			buildActionMask = 2147483647;
			files = (
			);
			runOnlyForDeploymentPostprocessing = 0;
		};
		628E548922611E5700AD4704 /* Resources */ = {
			isa = PBXResourcesBuildPhase;
			buildActionMask = 2147483647;
			files = (
			);
			runOnlyForDeploymentPostprocessing = 0;
		};
/* End PBXResourcesBuildPhase section */

/* Begin PBXShellScriptBuildPhase section */
		9BB633856375DDD64E189D85 /* [CP] Check Pods Manifest.lock */ = {
			isa = PBXShellScriptBuildPhase;
			buildActionMask = 2147483647;
			files = (
			);
			inputFileListPaths = (
			);
			inputPaths = (
				"${PODS_PODFILE_DIR_PATH}/Podfile.lock",
				"${PODS_ROOT}/Manifest.lock",
			);
			name = "[CP] Check Pods Manifest.lock";
			outputFileListPaths = (
			);
			outputPaths = (
				"$(DERIVED_FILE_DIR)/Pods-TrackerUITests-checkManifestLockResult.txt",
			);
			runOnlyForDeploymentPostprocessing = 0;
			shellPath = /bin/sh;
			shellScript = "diff \"${PODS_PODFILE_DIR_PATH}/Podfile.lock\" \"${PODS_ROOT}/Manifest.lock\" > /dev/null\nif [ $? != 0 ] ; then\n    # print error to STDERR\n    echo \"error: The sandbox is not in sync with the Podfile.lock. Run 'pod install' or update your CocoaPods installation.\" >&2\n    exit 1\nfi\n# This output is used by Xcode 'outputs' to avoid re-running this script phase.\necho \"SUCCESS\" > \"${SCRIPT_OUTPUT_FILE_0}\"\n";
			showEnvVarsInLog = 0;
		};
		A170CED7F8B9CFD0D55103FF /* [CP] Check Pods Manifest.lock */ = {
			isa = PBXShellScriptBuildPhase;
			buildActionMask = 2147483647;
			files = (
			);
			inputFileListPaths = (
			);
			inputPaths = (
				"${PODS_PODFILE_DIR_PATH}/Podfile.lock",
				"${PODS_ROOT}/Manifest.lock",
			);
			name = "[CP] Check Pods Manifest.lock";
			outputFileListPaths = (
			);
			outputPaths = (
				"$(DERIVED_FILE_DIR)/Pods-TrackerTests-checkManifestLockResult.txt",
			);
			runOnlyForDeploymentPostprocessing = 0;
			shellPath = /bin/sh;
			shellScript = "diff \"${PODS_PODFILE_DIR_PATH}/Podfile.lock\" \"${PODS_ROOT}/Manifest.lock\" > /dev/null\nif [ $? != 0 ] ; then\n    # print error to STDERR\n    echo \"error: The sandbox is not in sync with the Podfile.lock. Run 'pod install' or update your CocoaPods installation.\" >&2\n    exit 1\nfi\n# This output is used by Xcode 'outputs' to avoid re-running this script phase.\necho \"SUCCESS\" > \"${SCRIPT_OUTPUT_FILE_0}\"\n";
			showEnvVarsInLog = 0;
		};
		D957874FB0EAED0DC28C9EA6 /* [CP] Embed Pods Frameworks */ = {
			isa = PBXShellScriptBuildPhase;
			buildActionMask = 2147483647;
			files = (
			);
			inputFileListPaths = (
			);
			inputPaths = (
				"${PODS_ROOT}/Target Support Files/Pods-Tracker/Pods-Tracker-frameworks.sh",
				"${BUILT_PRODUCTS_DIR}/Charts/Charts.framework",
				"${BUILT_PRODUCTS_DIR}/DropDown/DropDown.framework",
				"${BUILT_PRODUCTS_DIR}/JKCalendar/JKCalendar.framework",
				"${BUILT_PRODUCTS_DIR}/JKInfinitePageView/JKInfinitePageView.framework",
			);
			name = "[CP] Embed Pods Frameworks";
			outputFileListPaths = (
			);
			outputPaths = (
				"${TARGET_BUILD_DIR}/${FRAMEWORKS_FOLDER_PATH}/Charts.framework",
				"${TARGET_BUILD_DIR}/${FRAMEWORKS_FOLDER_PATH}/DropDown.framework",
				"${TARGET_BUILD_DIR}/${FRAMEWORKS_FOLDER_PATH}/JKCalendar.framework",
				"${TARGET_BUILD_DIR}/${FRAMEWORKS_FOLDER_PATH}/JKInfinitePageView.framework",
			);
			runOnlyForDeploymentPostprocessing = 0;
			shellPath = /bin/sh;
			shellScript = "\"${PODS_ROOT}/Target Support Files/Pods-Tracker/Pods-Tracker-frameworks.sh\"\n";
			showEnvVarsInLog = 0;
		};
		EE72788BD3F9481F1465DE95 /* [CP] Check Pods Manifest.lock */ = {
			isa = PBXShellScriptBuildPhase;
			buildActionMask = 2147483647;
			files = (
			);
			inputFileListPaths = (
			);
			inputPaths = (
				"${PODS_PODFILE_DIR_PATH}/Podfile.lock",
				"${PODS_ROOT}/Manifest.lock",
			);
			name = "[CP] Check Pods Manifest.lock";
			outputFileListPaths = (
			);
			outputPaths = (
				"$(DERIVED_FILE_DIR)/Pods-Tracker-checkManifestLockResult.txt",
			);
			runOnlyForDeploymentPostprocessing = 0;
			shellPath = /bin/sh;
			shellScript = "diff \"${PODS_PODFILE_DIR_PATH}/Podfile.lock\" \"${PODS_ROOT}/Manifest.lock\" > /dev/null\nif [ $? != 0 ] ; then\n    # print error to STDERR\n    echo \"error: The sandbox is not in sync with the Podfile.lock. Run 'pod install' or update your CocoaPods installation.\" >&2\n    exit 1\nfi\n# This output is used by Xcode 'outputs' to avoid re-running this script phase.\necho \"SUCCESS\" > \"${SCRIPT_OUTPUT_FILE_0}\"\n";
			showEnvVarsInLog = 0;
		};
/* End PBXShellScriptBuildPhase section */

/* Begin PBXSourcesBuildPhase section */
		628E546822611E5600AD4704 /* Sources */ = {
			isa = PBXSourcesBuildPhase;
			buildActionMask = 2147483647;
			files = (
				C02B7FC3226E14D400D63D9A /* Event_Cell.swift in Sources */,
				6254A8F922813C0A00B31AA9 /* customTableViewCell.swift in Sources */,
				24F0785622695AB800F55D69 /* HealthProfileVC.swift in Sources */,
				628E547222611E5600AD4704 /* ViewController.swift in Sources */,
				2476CE7B226120980081543C /* HealthVC.swift in Sources */,
				C02B7FC4226E14D400D63D9A /* Add_Event.swift in Sources */,
				24D774D122663A800083CD29 /* HealthKitSetupManager.swift in Sources */,
				248F768F2268DB2E000503BD /* HKDataManager.swift in Sources */,
				6254A8F822813C0A00B31AA9 /* HWEntry+CoreDataProperties.swift in Sources */,
				6254A903228219EC00B31AA9 /* notifcationPublisher.swift in Sources */,
				2476CE7D226120C20081543C /* CalendarVC.swift in Sources */,
				6254A8FC22813C0A00B31AA9 /* PersistenceService.swift in Sources */,
				6254A8FD22813C0A00B31AA9 /* addHomeworkViewController.swift in Sources */,
				6254A8FB22813C0A00B31AA9 /* HWTask.swift in Sources */,
				6254A8F622813C0A00B31AA9 /* HWController.swift in Sources */,
				6254A8F522813C0A00B31AA9 /* HWEntry+CoreDataClass.swift in Sources */,
				C02B7FBF226E13A300D63D9A /* Constant.swift in Sources */,
				6254A8F722813C0A00B31AA9 /* HWData.swift in Sources */,
				628E547022611E5600AD4704 /* AppDelegate.swift in Sources */,
				6254A8FA22813C0A00B31AA9 /* Tracker.xcdatamodeld in Sources */,
			);
			runOnlyForDeploymentPostprocessing = 0;
		};
		628E547C22611E5700AD4704 /* Sources */ = {
			isa = PBXSourcesBuildPhase;
			buildActionMask = 2147483647;
			files = (
				628E548522611E5700AD4704 /* TrackerTests.swift in Sources */,
			);
			runOnlyForDeploymentPostprocessing = 0;
		};
		628E548722611E5700AD4704 /* Sources */ = {
			isa = PBXSourcesBuildPhase;
			buildActionMask = 2147483647;
			files = (
				628E549022611E5700AD4704 /* TrackerUITests.swift in Sources */,
			);
			runOnlyForDeploymentPostprocessing = 0;
		};
/* End PBXSourcesBuildPhase section */

/* Begin PBXTargetDependency section */
		628E548222611E5700AD4704 /* PBXTargetDependency */ = {
			isa = PBXTargetDependency;
			target = 628E546B22611E5600AD4704 /* Tracker */;
			targetProxy = 628E548122611E5700AD4704 /* PBXContainerItemProxy */;
		};
		628E548D22611E5700AD4704 /* PBXTargetDependency */ = {
			isa = PBXTargetDependency;
			target = 628E546B22611E5600AD4704 /* Tracker */;
			targetProxy = 628E548C22611E5700AD4704 /* PBXContainerItemProxy */;
		};
/* End PBXTargetDependency section */

/* Begin PBXVariantGroup section */
		628E547322611E5600AD4704 /* Main.storyboard */ = {
			isa = PBXVariantGroup;
			children = (
				628E547422611E5600AD4704 /* Base */,
			);
			name = Main.storyboard;
			sourceTree = "<group>";
		};
		628E547822611E5700AD4704 /* LaunchScreen.storyboard */ = {
			isa = PBXVariantGroup;
			children = (
				628E547922611E5700AD4704 /* Base */,
			);
			name = LaunchScreen.storyboard;
			sourceTree = "<group>";
		};
/* End PBXVariantGroup section */

/* Begin XCBuildConfiguration section */
		628E549222611E5700AD4704 /* Debug */ = {
			isa = XCBuildConfiguration;
			buildSettings = {
				ALWAYS_SEARCH_USER_PATHS = NO;
				CLANG_ANALYZER_NONNULL = YES;
				CLANG_ANALYZER_NUMBER_OBJECT_CONVERSION = YES_AGGRESSIVE;
				CLANG_CXX_LANGUAGE_STANDARD = "gnu++14";
				CLANG_CXX_LIBRARY = "libc++";
				CLANG_ENABLE_MODULES = YES;
				CLANG_ENABLE_OBJC_ARC = YES;
				CLANG_ENABLE_OBJC_WEAK = YES;
				CLANG_WARN_BLOCK_CAPTURE_AUTORELEASING = YES;
				CLANG_WARN_BOOL_CONVERSION = YES;
				CLANG_WARN_COMMA = YES;
				CLANG_WARN_CONSTANT_CONVERSION = YES;
				CLANG_WARN_DEPRECATED_OBJC_IMPLEMENTATIONS = YES;
				CLANG_WARN_DIRECT_OBJC_ISA_USAGE = YES_ERROR;
				CLANG_WARN_DOCUMENTATION_COMMENTS = YES;
				CLANG_WARN_EMPTY_BODY = YES;
				CLANG_WARN_ENUM_CONVERSION = YES;
				CLANG_WARN_INFINITE_RECURSION = YES;
				CLANG_WARN_INT_CONVERSION = YES;
				CLANG_WARN_NON_LITERAL_NULL_CONVERSION = YES;
				CLANG_WARN_OBJC_IMPLICIT_RETAIN_SELF = YES;
				CLANG_WARN_OBJC_LITERAL_CONVERSION = YES;
				CLANG_WARN_OBJC_ROOT_CLASS = YES_ERROR;
				CLANG_WARN_RANGE_LOOP_ANALYSIS = YES;
				CLANG_WARN_STRICT_PROTOTYPES = YES;
				CLANG_WARN_SUSPICIOUS_MOVE = YES;
				CLANG_WARN_UNGUARDED_AVAILABILITY = YES_AGGRESSIVE;
				CLANG_WARN_UNREACHABLE_CODE = YES;
				CLANG_WARN__DUPLICATE_METHOD_MATCH = YES;
				CODE_SIGN_IDENTITY = "iPhone Developer";
				COPY_PHASE_STRIP = NO;
				DEBUG_INFORMATION_FORMAT = dwarf;
				ENABLE_STRICT_OBJC_MSGSEND = YES;
				ENABLE_TESTABILITY = YES;
				GCC_C_LANGUAGE_STANDARD = gnu11;
				GCC_DYNAMIC_NO_PIC = NO;
				GCC_NO_COMMON_BLOCKS = YES;
				GCC_OPTIMIZATION_LEVEL = 0;
				GCC_PREPROCESSOR_DEFINITIONS = (
					"DEBUG=1",
					"$(inherited)",
				);
				GCC_WARN_64_TO_32_BIT_CONVERSION = YES;
				GCC_WARN_ABOUT_RETURN_TYPE = YES_ERROR;
				GCC_WARN_UNDECLARED_SELECTOR = YES;
				GCC_WARN_UNINITIALIZED_AUTOS = YES_AGGRESSIVE;
				GCC_WARN_UNUSED_FUNCTION = YES;
				GCC_WARN_UNUSED_VARIABLE = YES;
				IPHONEOS_DEPLOYMENT_TARGET = 12.1;
				MTL_ENABLE_DEBUG_INFO = INCLUDE_SOURCE;
				MTL_FAST_MATH = YES;
				ONLY_ACTIVE_ARCH = YES;
				SDKROOT = iphoneos;
				SWIFT_ACTIVE_COMPILATION_CONDITIONS = DEBUG;
				SWIFT_OPTIMIZATION_LEVEL = "-Onone";
			};
			name = Debug;
		};
		628E549322611E5700AD4704 /* Release */ = {
			isa = XCBuildConfiguration;
			buildSettings = {
				ALWAYS_SEARCH_USER_PATHS = NO;
				CLANG_ANALYZER_NONNULL = YES;
				CLANG_ANALYZER_NUMBER_OBJECT_CONVERSION = YES_AGGRESSIVE;
				CLANG_CXX_LANGUAGE_STANDARD = "gnu++14";
				CLANG_CXX_LIBRARY = "libc++";
				CLANG_ENABLE_MODULES = YES;
				CLANG_ENABLE_OBJC_ARC = YES;
				CLANG_ENABLE_OBJC_WEAK = YES;
				CLANG_WARN_BLOCK_CAPTURE_AUTORELEASING = YES;
				CLANG_WARN_BOOL_CONVERSION = YES;
				CLANG_WARN_COMMA = YES;
				CLANG_WARN_CONSTANT_CONVERSION = YES;
				CLANG_WARN_DEPRECATED_OBJC_IMPLEMENTATIONS = YES;
				CLANG_WARN_DIRECT_OBJC_ISA_USAGE = YES_ERROR;
				CLANG_WARN_DOCUMENTATION_COMMENTS = YES;
				CLANG_WARN_EMPTY_BODY = YES;
				CLANG_WARN_ENUM_CONVERSION = YES;
				CLANG_WARN_INFINITE_RECURSION = YES;
				CLANG_WARN_INT_CONVERSION = YES;
				CLANG_WARN_NON_LITERAL_NULL_CONVERSION = YES;
				CLANG_WARN_OBJC_IMPLICIT_RETAIN_SELF = YES;
				CLANG_WARN_OBJC_LITERAL_CONVERSION = YES;
				CLANG_WARN_OBJC_ROOT_CLASS = YES_ERROR;
				CLANG_WARN_RANGE_LOOP_ANALYSIS = YES;
				CLANG_WARN_STRICT_PROTOTYPES = YES;
				CLANG_WARN_SUSPICIOUS_MOVE = YES;
				CLANG_WARN_UNGUARDED_AVAILABILITY = YES_AGGRESSIVE;
				CLANG_WARN_UNREACHABLE_CODE = YES;
				CLANG_WARN__DUPLICATE_METHOD_MATCH = YES;
				CODE_SIGN_IDENTITY = "iPhone Developer";
				COPY_PHASE_STRIP = NO;
				DEBUG_INFORMATION_FORMAT = "dwarf-with-dsym";
				ENABLE_NS_ASSERTIONS = NO;
				ENABLE_STRICT_OBJC_MSGSEND = YES;
				GCC_C_LANGUAGE_STANDARD = gnu11;
				GCC_NO_COMMON_BLOCKS = YES;
				GCC_WARN_64_TO_32_BIT_CONVERSION = YES;
				GCC_WARN_ABOUT_RETURN_TYPE = YES_ERROR;
				GCC_WARN_UNDECLARED_SELECTOR = YES;
				GCC_WARN_UNINITIALIZED_AUTOS = YES_AGGRESSIVE;
				GCC_WARN_UNUSED_FUNCTION = YES;
				GCC_WARN_UNUSED_VARIABLE = YES;
				IPHONEOS_DEPLOYMENT_TARGET = 12.1;
				MTL_ENABLE_DEBUG_INFO = NO;
				MTL_FAST_MATH = YES;
				SDKROOT = iphoneos;
				SWIFT_COMPILATION_MODE = wholemodule;
				SWIFT_OPTIMIZATION_LEVEL = "-O";
				VALIDATE_PRODUCT = YES;
			};
			name = Release;
		};
		628E549522611E5700AD4704 /* Debug */ = {
			isa = XCBuildConfiguration;
			baseConfigurationReference = C6277C3CC32822D38D87FFE9 /* Pods-Tracker.debug.xcconfig */;
			buildSettings = {
				ASSETCATALOG_COMPILER_APPICON_NAME = AppIcon;
				CLANG_ENABLE_MODULES = YES;
				CODE_SIGN_ENTITLEMENTS = Tracker/Tracker.entitlements;
				CODE_SIGN_STYLE = Automatic;
				DEVELOPMENT_TEAM = 6Z6P82U77X;
				INFOPLIST_FILE = Tracker/Info.plist;
				IPHONEOS_DEPLOYMENT_TARGET = 11.1;
				LD_RUNPATH_SEARCH_PATHS = (
					"$(inherited)",
					"@executable_path/Frameworks",
				);
				PRODUCT_BUNDLE_IDENTIFIER = group46.Tracker;
				PRODUCT_NAME = "$(TARGET_NAME)";
				SWIFT_OBJC_BRIDGING_HEADER = "Tracker/Tracker-Bridging-Header.h";
				SWIFT_OPTIMIZATION_LEVEL = "-Onone";
				SWIFT_VERSION = 4.2;
				TARGETED_DEVICE_FAMILY = 1;
			};
			name = Debug;
		};
		628E549622611E5700AD4704 /* Release */ = {
			isa = XCBuildConfiguration;
			baseConfigurationReference = EF40401AFE049748376F79F1 /* Pods-Tracker.release.xcconfig */;
			buildSettings = {
				ASSETCATALOG_COMPILER_APPICON_NAME = AppIcon;
				CLANG_ENABLE_MODULES = YES;
				CODE_SIGN_ENTITLEMENTS = Tracker/Tracker.entitlements;
				CODE_SIGN_STYLE = Automatic;
				DEVELOPMENT_TEAM = 6Z6P82U77X;
				INFOPLIST_FILE = Tracker/Info.plist;
				IPHONEOS_DEPLOYMENT_TARGET = 11.1;
				LD_RUNPATH_SEARCH_PATHS = (
					"$(inherited)",
					"@executable_path/Frameworks",
				);
				PRODUCT_BUNDLE_IDENTIFIER = group46.Tracker;
				PRODUCT_NAME = "$(TARGET_NAME)";
				SWIFT_OBJC_BRIDGING_HEADER = "Tracker/Tracker-Bridging-Header.h";
				SWIFT_VERSION = 4.2;
				TARGETED_DEVICE_FAMILY = 1;
			};
			name = Release;
		};
		628E549822611E5700AD4704 /* Debug */ = {
			isa = XCBuildConfiguration;
			baseConfigurationReference = BEAD15B6B92ADC12216433DA /* Pods-TrackerTests.debug.xcconfig */;
			buildSettings = {
				ALWAYS_EMBED_SWIFT_STANDARD_LIBRARIES = YES;
				BUNDLE_LOADER = "$(TEST_HOST)";
				CODE_SIGN_STYLE = Automatic;
				INFOPLIST_FILE = TrackerTests/Info.plist;
				LD_RUNPATH_SEARCH_PATHS = (
					"$(inherited)",
					"@executable_path/Frameworks",
					"@loader_path/Frameworks",
				);
				PRODUCT_BUNDLE_IDENTIFIER = hspatel2.TrackerTests;
				PRODUCT_NAME = "$(TARGET_NAME)";
				SWIFT_VERSION = 5.0;
				TARGETED_DEVICE_FAMILY = "1,2";
				TEST_HOST = "$(BUILT_PRODUCTS_DIR)/Tracker.app/Tracker";
			};
			name = Debug;
		};
		628E549922611E5700AD4704 /* Release */ = {
			isa = XCBuildConfiguration;
			baseConfigurationReference = 463A6E1B53FEB58E4C367B66 /* Pods-TrackerTests.release.xcconfig */;
			buildSettings = {
				ALWAYS_EMBED_SWIFT_STANDARD_LIBRARIES = YES;
				BUNDLE_LOADER = "$(TEST_HOST)";
				CODE_SIGN_STYLE = Automatic;
				INFOPLIST_FILE = TrackerTests/Info.plist;
				LD_RUNPATH_SEARCH_PATHS = (
					"$(inherited)",
					"@executable_path/Frameworks",
					"@loader_path/Frameworks",
				);
				PRODUCT_BUNDLE_IDENTIFIER = hspatel2.TrackerTests;
				PRODUCT_NAME = "$(TARGET_NAME)";
				SWIFT_VERSION = 5.0;
				TARGETED_DEVICE_FAMILY = "1,2";
				TEST_HOST = "$(BUILT_PRODUCTS_DIR)/Tracker.app/Tracker";
			};
			name = Release;
		};
		628E549B22611E5700AD4704 /* Debug */ = {
			isa = XCBuildConfiguration;
			baseConfigurationReference = 9B9CD92DF37849F4DD45A116 /* Pods-TrackerUITests.debug.xcconfig */;
			buildSettings = {
				ALWAYS_EMBED_SWIFT_STANDARD_LIBRARIES = YES;
				CODE_SIGN_STYLE = Automatic;
				INFOPLIST_FILE = TrackerUITests/Info.plist;
				LD_RUNPATH_SEARCH_PATHS = (
					"$(inherited)",
					"@executable_path/Frameworks",
					"@loader_path/Frameworks",
				);
				PRODUCT_BUNDLE_IDENTIFIER = hspatel2.TrackerUITests;
				PRODUCT_NAME = "$(TARGET_NAME)";
				SWIFT_VERSION = 5.0;
				TARGETED_DEVICE_FAMILY = "1,2";
				TEST_TARGET_NAME = Tracker;
			};
			name = Debug;
		};
		628E549C22611E5700AD4704 /* Release */ = {
			isa = XCBuildConfiguration;
			baseConfigurationReference = A07616F3EEC37599F72AB5CD /* Pods-TrackerUITests.release.xcconfig */;
			buildSettings = {
				ALWAYS_EMBED_SWIFT_STANDARD_LIBRARIES = YES;
				CODE_SIGN_STYLE = Automatic;
				INFOPLIST_FILE = TrackerUITests/Info.plist;
				LD_RUNPATH_SEARCH_PATHS = (
					"$(inherited)",
					"@executable_path/Frameworks",
					"@loader_path/Frameworks",
				);
				PRODUCT_BUNDLE_IDENTIFIER = hspatel2.TrackerUITests;
				PRODUCT_NAME = "$(TARGET_NAME)";
				SWIFT_VERSION = 5.0;
				TARGETED_DEVICE_FAMILY = "1,2";
				TEST_TARGET_NAME = Tracker;
			};
			name = Release;
		};
/* End XCBuildConfiguration section */

/* Begin XCConfigurationList section */
		628E546722611E5500AD4704 /* Build configuration list for PBXProject "Tracker" */ = {
			isa = XCConfigurationList;
			buildConfigurations = (
				628E549222611E5700AD4704 /* Debug */,
				628E549322611E5700AD4704 /* Release */,
			);
			defaultConfigurationIsVisible = 0;
			defaultConfigurationName = Release;
		};
		628E549422611E5700AD4704 /* Build configuration list for PBXNativeTarget "Tracker" */ = {
			isa = XCConfigurationList;
			buildConfigurations = (
				628E549522611E5700AD4704 /* Debug */,
				628E549622611E5700AD4704 /* Release */,
			);
			defaultConfigurationIsVisible = 0;
			defaultConfigurationName = Release;
		};
		628E549722611E5700AD4704 /* Build configuration list for PBXNativeTarget "TrackerTests" */ = {
			isa = XCConfigurationList;
			buildConfigurations = (
				628E549822611E5700AD4704 /* Debug */,
				628E549922611E5700AD4704 /* Release */,
			);
			defaultConfigurationIsVisible = 0;
			defaultConfigurationName = Release;
		};
		628E549A22611E5700AD4704 /* Build configuration list for PBXNativeTarget "TrackerUITests" */ = {
			isa = XCConfigurationList;
			buildConfigurations = (
				628E549B22611E5700AD4704 /* Debug */,
				628E549C22611E5700AD4704 /* Release */,
			);
			defaultConfigurationIsVisible = 0;
			defaultConfigurationName = Release;
		};
/* End XCConfigurationList section */

/* Begin XCVersionGroup section */
		6254A8F022813C0900B31AA9 /* Tracker.xcdatamodeld */ = {
			isa = XCVersionGroup;
			children = (
				6254A8F122813C0900B31AA9 /* Tracker.xcdatamodel */,
			);
			currentVersion = 6254A8F122813C0900B31AA9 /* Tracker.xcdatamodel */;
			path = Tracker.xcdatamodeld;
			sourceTree = "<group>";
			versionGroupType = wrapper.xcdatamodel;
		};
/* End XCVersionGroup section */
	};
	rootObject = 628E546422611E5500AD4704 /* Project object */;
}
